PODS:
  - FBSnapshotTestCase (2.1.4):
    - FBSnapshotTestCase/SwiftSupport (= 2.1.4)
  - FBSnapshotTestCase/Core (2.1.4)
  - FBSnapshotTestCase/SwiftSupport (2.1.4):
    - FBSnapshotTestCase/Core
  - NoStoryboard (0.1.0)

DEPENDENCIES:
  - FBSnapshotTestCase (~> 2.1.4)
  - NoStoryboard (from `../`)

EXTERNAL SOURCES:
  NoStoryboard:
    :path: ../

SPEC CHECKSUMS:
  FBSnapshotTestCase: 094f9f314decbabe373b87cc339bea235a63e07a
  NoStoryboard: b0ec75517394e65ac34e29e2128cbf200e50c7d3

PODFILE CHECKSUM: 6ca90dfa8d43f3025d8bd7cd8f473fd5f5e81482

COCOAPODS: 1.3.1
